{
  "name": "shipit-roles",
  "version": "1.0.0",
  "lockfileVersion": 1,
  "requires": true,
  "dependencies": {
    "async": {
      "version": "0.2.10",
      "resolved": "https://registry.npmjs.org/async/-/async-0.2.10.tgz",
      "integrity": "sha1-trvgsGdLnXGXCMo43owjfLUmw9E="
    },
    "bluebird": {
      "version": "2.11.0",
      "resolved": "https://registry.npmjs.org/bluebird/-/bluebird-2.11.0.tgz",
      "integrity": "sha1-U0uQM8AiyVecVro7Plpcqvu2UOE="
    },
    "lodash": {
      "version": "4.17.4",
      "resolved": "https://registry.npmjs.org/lodash/-/lodash-4.17.4.tgz",
      "integrity": "sha1-eCA6TRwyiuHYbcpkYONptX9AVa4="
    },
    "shipit-utils": {
      "version": "1.4.0",
      "resolved": "https://registry.npmjs.org/shipit-utils/-/shipit-utils-1.4.0.tgz",
      "integrity": "sha1-+WPX8QRpNxE0WotqubkTou40PEw=",
      "requires": {
        "lodash": "3.10.1"
      },
      "dependencies": {
        "lodash": {
          "version": "3.10.1",
          "resolved": "https://registry.npmjs.org/lodash/-/lodash-3.10.1.tgz",
          "integrity": "sha1-W/Rejkm6QYnhfUgnid/RW9FAt7Y="
        }
      }
    },
    "sprintf-js": {
      "version": "1.1.1",
      "resolved": "https://registry.npmjs.org/sprintf-js/-/sprintf-js-1.1.1.tgz",
      "integrity": "sha1-Nr54Mgr+WAH2zqPueLblqrlA6gw="
    },
    "ssh-pool": {
      "version": "1.5.0",
      "resolved": "https://registry.npmjs.org/ssh-pool/-/ssh-pool-1.5.0.tgz",
      "integrity": "sha512-2boP20NsF48lybsC0LgU70Ck/zav72PmKC675xzzVIon+J5xR32noXBniW2WEi4xIGj48rRtNP1XT4LSwBPg5A==",
      "requires": {
        "bluebird": "2.11.0",
        "lodash": "3.10.1",
        "sprintf-js": "1.1.1",
        "stream-line-wrapper": "0.1.1",
        "whereis": "0.4.0"
      },
      "dependencies": {
        "lodash": {
          "version": "3.10.1",
          "resolved": "https://registry.npmjs.org/lodash/-/lodash-3.10.1.tgz",
          "integrity": "sha1-W/Rejkm6QYnhfUgnid/RW9FAt7Y="
        }
      }
    },
    "stream-line-wrapper": {
      "version": "0.1.1",
      "resolved": "https://registry.npmjs.org/stream-line-wrapper/-/stream-line-wrapper-0.1.1.tgz",
      "integrity": "sha1-Pivh02jGNW+Qru9keGaD8+7j7qc=",
      "requires": {
        "async": "0.2.10"
      }
    },
    "whereis": {
      "version": "0.4.0",
      "resolved": "https://registry.npmjs.org/whereis/-/whereis-0.4.0.tgz",
      "integrity": "sha1-es5hikuMKohj2zb/n1TviqI9gis="
    }
  }
}
